
Microsoft Visual Studio Solution File, Format Version 12.00
# Visual Studio Version 16
VisualStudioVersion = 16.0.32002.261
MinimumVisualStudioVersion = 10.0.40219.1
Project("{8BC9CEB8-8B4A-11D0-8D11-00A0C91BC942}") = "goto", "goto.vcxproj", "{C320DC68-72E6-4A66-9CC0-1B4F26690D7A}"
EndProject
Global
	GlobalSection(SolutionConfigurationPlatforms) = preSolution
		Debug|x64 = Debug|x64
		Debug|x86 = Debug|x86
		Release|x64 = Release|x64
		Release|x86 = Release|x86
	EndGlobalSection
	GlobalSection(ProjectConfigurationPlatforms) = postSolution
		{C320DC68-72E6-4A66-9CC0-1B4F26690D7A}.Debug|x64.ActiveCfg = Debug|x64
		{C320DC68-72E6-4A66-9CC0-1B4F26690D7A}.Debug|x64.Build.0 = Debug|x64
		{C320DC68-72E6-4A66-9CC0-1B4F26690D7A}.Debug|x86.ActiveCfg = Debug|Win32
		{C320DC68-72E6-4A66-9CC0-1B4F26690D7A}.Debug|x86.Build.0 = Debug|Win32
		{C320DC68-72E6-4A66-9CC0-1B4F26690D7A}.Release|x64.ActiveCfg = Release|x64
		{C320DC68-72E6-4A66-9CC0-1B4F26690D7A}.Release|x64.Build.0 = Release|x64
		{C320DC68-72E6-4A66-9CC0-1B4F26690D7A}.Release|x86.ActiveCfg = Release|Win32
		{C320DC68-72E6-4A66-9CC0-1B4F26690D7A}.Release|x86.Build.0 = Release|Win32
	EndGlobalSection
	GlobalSection(SolutionProperties) = preSolution
		HideSolutionNode = FALSE
	EndGlobalSection
	GlobalSection(ExtensibilityGlobals) = postSolution
		SolutionGuid = {9F07E99D-5EA8-4343-803F-03D2D0B2069B}
	EndGlobalSection
EndGlobal
