
Microsoft Visual Studio Solution File, Format Version 12.00
# Visual Studio Version 16
VisualStudioVersion = 16.0.31729.503
MinimumVisualStudioVersion = 10.0.40219.1
Project("{8BC9CEB8-8B4A-11D0-8D11-00A0C91BC942}") = "assignment.c", "assignment.c\assignment.c.vcxproj", "{2F225A3D-5D43-4520-B8AA-28C45DC0220B}"
EndProject
Global
	GlobalSection(SolutionConfigurationPlatforms) = preSolution
		Debug|x64 = Debug|x64
		Debug|x86 = Debug|x86
		Release|x64 = Release|x64
		Release|x86 = Release|x86
	EndGlobalSection
	GlobalSection(ProjectConfigurationPlatforms) = postSolution
		{2F225A3D-5D43-4520-B8AA-28C45DC0220B}.Debug|x64.ActiveCfg = Debug|x64
		{2F225A3D-5D43-4520-B8AA-28C45DC0220B}.Debug|x64.Build.0 = Debug|x64
		{2F225A3D-5D43-4520-B8AA-28C45DC0220B}.Debug|x86.ActiveCfg = Debug|Win32
		{2F225A3D-5D43-4520-B8AA-28C45DC0220B}.Debug|x86.Build.0 = Debug|Win32
		{2F225A3D-5D43-4520-B8AA-28C45DC0220B}.Release|x64.ActiveCfg = Release|x64
		{2F225A3D-5D43-4520-B8AA-28C45DC0220B}.Release|x64.Build.0 = Release|x64
		{2F225A3D-5D43-4520-B8AA-28C45DC0220B}.Release|x86.ActiveCfg = Release|Win32
		{2F225A3D-5D43-4520-B8AA-28C45DC0220B}.Release|x86.Build.0 = Release|Win32
	EndGlobalSection
	GlobalSection(SolutionProperties) = preSolution
		HideSolutionNode = FALSE
	EndGlobalSection
	GlobalSection(ExtensibilityGlobals) = postSolution
		SolutionGuid = {2B44E53C-68CF-45AB-8E92-A8D703292577}
	EndGlobalSection
EndGlobal
