
Microsoft Visual Studio Solution File, Format Version 12.00
# Visual Studio Version 16
VisualStudioVersion = 16.0.31729.503
MinimumVisualStudioVersion = 10.0.40219.1
Project("{8BC9CEB8-8B4A-11D0-8D11-00A0C91BC942}") = "exam_28", "exam_28.vcxproj", "{E5729789-39B9-4512-9BCE-50C0742E8202}"
EndProject
Global
	GlobalSection(SolutionConfigurationPlatforms) = preSolution
		Debug|x64 = Debug|x64
		Debug|x86 = Debug|x86
		Release|x64 = Release|x64
		Release|x86 = Release|x86
	EndGlobalSection
	GlobalSection(ProjectConfigurationPlatforms) = postSolution
		{E5729789-39B9-4512-9BCE-50C0742E8202}.Debug|x64.ActiveCfg = Debug|x64
		{E5729789-39B9-4512-9BCE-50C0742E8202}.Debug|x64.Build.0 = Debug|x64
		{E5729789-39B9-4512-9BCE-50C0742E8202}.Debug|x86.ActiveCfg = Debug|Win32
		{E5729789-39B9-4512-9BCE-50C0742E8202}.Debug|x86.Build.0 = Debug|Win32
		{E5729789-39B9-4512-9BCE-50C0742E8202}.Release|x64.ActiveCfg = Release|x64
		{E5729789-39B9-4512-9BCE-50C0742E8202}.Release|x64.Build.0 = Release|x64
		{E5729789-39B9-4512-9BCE-50C0742E8202}.Release|x86.ActiveCfg = Release|Win32
		{E5729789-39B9-4512-9BCE-50C0742E8202}.Release|x86.Build.0 = Release|Win32
	EndGlobalSection
	GlobalSection(SolutionProperties) = preSolution
		HideSolutionNode = FALSE
	EndGlobalSection
	GlobalSection(ExtensibilityGlobals) = postSolution
		SolutionGuid = {3837AF60-605D-438A-8BA2-1883AF214F08}
	EndGlobalSection
EndGlobal
