
Microsoft Visual Studio Solution File, Format Version 12.00
# Visual Studio Version 16
VisualStudioVersion = 16.0.31729.503
MinimumVisualStudioVersion = 10.0.40219.1
Project("{8BC9CEB8-8B4A-11D0-8D11-00A0C91BC942}") = "addressbokk2", "addressbokk2.vcxproj", "{540B01C5-9B3F-4802-B975-031F585CC93E}"
EndProject
Global
	GlobalSection(SolutionConfigurationPlatforms) = preSolution
		Debug|x64 = Debug|x64
		Debug|x86 = Debug|x86
		Release|x64 = Release|x64
		Release|x86 = Release|x86
	EndGlobalSection
	GlobalSection(ProjectConfigurationPlatforms) = postSolution
		{540B01C5-9B3F-4802-B975-031F585CC93E}.Debug|x64.ActiveCfg = Debug|x64
		{540B01C5-9B3F-4802-B975-031F585CC93E}.Debug|x64.Build.0 = Debug|x64
		{540B01C5-9B3F-4802-B975-031F585CC93E}.Debug|x86.ActiveCfg = Debug|Win32
		{540B01C5-9B3F-4802-B975-031F585CC93E}.Debug|x86.Build.0 = Debug|Win32
		{540B01C5-9B3F-4802-B975-031F585CC93E}.Release|x64.ActiveCfg = Release|x64
		{540B01C5-9B3F-4802-B975-031F585CC93E}.Release|x64.Build.0 = Release|x64
		{540B01C5-9B3F-4802-B975-031F585CC93E}.Release|x86.ActiveCfg = Release|Win32
		{540B01C5-9B3F-4802-B975-031F585CC93E}.Release|x86.Build.0 = Release|Win32
	EndGlobalSection
	GlobalSection(SolutionProperties) = preSolution
		HideSolutionNode = FALSE
	EndGlobalSection
	GlobalSection(ExtensibilityGlobals) = postSolution
		SolutionGuid = {61D378E9-946A-44D2-9F9A-D25C76FE2652}
	EndGlobalSection
EndGlobal
